
Microsoft Visual Studio Solution File, Format Version 12.00
# Visual Studio Version 17
VisualStudioVersion = 17.5.002.0
MinimumVisualStudioVersion = 10.0.40219.1
Project("{9A19103F-16F7-4668-BE54-9A1E7A4F7556}") = "MeetingApp", "MeetingApp.csproj", "{86C7416B-5EBE-4A39-A201-CF0D7F6DD21F}"
EndProject
Global
	GlobalSection(SolutionConfigurationPlatforms) = preSolution
		Debug|Any CPU = Debug|Any CPU
		Release|Any CPU = Release|Any CPU
	EndGlobalSection
	GlobalSection(ProjectConfigurationPlatforms) = postSolution
		{86C7416B-5EBE-4A39-A201-CF0D7F6DD21F}.Debug|Any CPU.ActiveCfg = Debug|Any CPU
		{86C7416B-5EBE-4A39-A201-CF0D7F6DD21F}.Debug|Any CPU.Build.0 = Debug|Any CPU
		{86C7416B-5EBE-4A39-A201-CF0D7F6DD21F}.Release|Any CPU.ActiveCfg = Release|Any CPU
		{86C7416B-5EBE-4A39-A201-CF0D7F6DD21F}.Release|Any CPU.Build.0 = Release|Any CPU
	EndGlobalSection
	GlobalSection(SolutionProperties) = preSolution
		HideSolutionNode = FALSE
	EndGlobalSection
	GlobalSection(ExtensibilityGlobals) = postSolution
		SolutionGuid = {7ABE42B8-7AFB-4EDE-B28C-58BC3C7BC17E}
	EndGlobalSection
EndGlobal
